
Microsoft Visual Studio Solution File, Format Version 12.00
# Visual Studio Version 16
VisualStudioVersion = 16.0.29806.167
MinimumVisualStudioVersion = 10.0.40219.1
Project("{FAE04EC0-301F-11D3-BF4B-00C04F79EFBC}") = "igl-RhinoCommon", "igl_RhinoCommon\igl-RhinoCommon.csproj", "{FD9F533F-D593-4911-8567-DA682C80E658}"
	ProjectSection(ProjectDependencies) = postProject
		{B0155EDC-0CF5-4994-A073-BE696DB6DF54} = {B0155EDC-0CF5-4994-A073-BE696DB6DF54}
	EndProjectSection
EndProject
Project("{8BC9CEB8-8B4A-11D0-8D11-00A0C91BC942}") = "igl_cppPort", "igl_cppPort\igl_cppPort.vcxproj", "{B0155EDC-0CF5-4994-A073-BE696DB6DF54}"
EndProject
Project("{FAE04EC0-301F-11D3-BF4B-00C04F79EFBC}") = "igl_GrassHopper", "igl_GrassHopper\igl_GrassHopper.csproj", "{210A633A-A5BB-47F8-A464-821D8525F7FD}"
	ProjectSection(ProjectDependencies) = postProject
		{B0155EDC-0CF5-4994-A073-BE696DB6DF54} = {B0155EDC-0CF5-4994-A073-BE696DB6DF54}
	EndProjectSection
EndProject
Project("{2150E333-8FDC-42A3-9474-1A3956D46DE8}") = "Solution Items", "Solution Items", "{1EC315D3-12F5-4A85-AAAF-D1AA28050EBC}"
EndProject
Global
	GlobalSection(SolutionConfigurationPlatforms) = preSolution
		Debug|Any CPU = Debug|Any CPU
		Debug|x64 = Debug|x64
		Debug|x86 = Debug|x86
		Release|Any CPU = Release|Any CPU
		Release|x64 = Release|x64
		Release|x86 = Release|x86
	EndGlobalSection
	GlobalSection(ProjectConfigurationPlatforms) = postSolution
		{FD9F533F-D593-4911-8567-DA682C80E658}.Debug|Any CPU.ActiveCfg = Debug|Any CPU
		{FD9F533F-D593-4911-8567-DA682C80E658}.Debug|Any CPU.Build.0 = Debug|Any CPU
		{FD9F533F-D593-4911-8567-DA682C80E658}.Debug|x64.ActiveCfg = Debug|x64
		{FD9F533F-D593-4911-8567-DA682C80E658}.Debug|x64.Build.0 = Debug|x64
		{FD9F533F-D593-4911-8567-DA682C80E658}.Debug|x86.ActiveCfg = Debug|Any CPU
		{FD9F533F-D593-4911-8567-DA682C80E658}.Debug|x86.Build.0 = Debug|Any CPU
		{FD9F533F-D593-4911-8567-DA682C80E658}.Release|Any CPU.ActiveCfg = Release|Any CPU
		{FD9F533F-D593-4911-8567-DA682C80E658}.Release|Any CPU.Build.0 = Release|Any CPU
		{FD9F533F-D593-4911-8567-DA682C80E658}.Release|x64.ActiveCfg = Release|Any CPU
		{FD9F533F-D593-4911-8567-DA682C80E658}.Release|x64.Build.0 = Release|Any CPU
		{FD9F533F-D593-4911-8567-DA682C80E658}.Release|x86.ActiveCfg = Release|Any CPU
		{FD9F533F-D593-4911-8567-DA682C80E658}.Release|x86.Build.0 = Release|Any CPU
		{B0155EDC-0CF5-4994-A073-BE696DB6DF54}.Debug|Any CPU.ActiveCfg = Debug|x64
		{B0155EDC-0CF5-4994-A073-BE696DB6DF54}.Debug|Any CPU.Build.0 = Debug|x64
		{B0155EDC-0CF5-4994-A073-BE696DB6DF54}.Debug|x64.ActiveCfg = Debug|x64
		{B0155EDC-0CF5-4994-A073-BE696DB6DF54}.Debug|x64.Build.0 = Debug|x64
		{B0155EDC-0CF5-4994-A073-BE696DB6DF54}.Debug|x86.ActiveCfg = Debug|Win32
		{B0155EDC-0CF5-4994-A073-BE696DB6DF54}.Debug|x86.Build.0 = Debug|Win32
		{B0155EDC-0CF5-4994-A073-BE696DB6DF54}.Release|Any CPU.ActiveCfg = Release|x64
		{B0155EDC-0CF5-4994-A073-BE696DB6DF54}.Release|Any CPU.Build.0 = Release|x64
		{B0155EDC-0CF5-4994-A073-BE696DB6DF54}.Release|x64.ActiveCfg = Release|x64
		{B0155EDC-0CF5-4994-A073-BE696DB6DF54}.Release|x64.Build.0 = Release|x64
		{B0155EDC-0CF5-4994-A073-BE696DB6DF54}.Release|x86.ActiveCfg = Release|Win32
		{B0155EDC-0CF5-4994-A073-BE696DB6DF54}.Release|x86.Build.0 = Release|Win32
		{210A633A-A5BB-47F8-A464-821D8525F7FD}.Debug|Any CPU.ActiveCfg = Debug|Any CPU
		{210A633A-A5BB-47F8-A464-821D8525F7FD}.Debug|Any CPU.Build.0 = Debug|Any CPU
		{210A633A-A5BB-47F8-A464-821D8525F7FD}.Debug|x64.ActiveCfg = Debug|Any CPU
		{210A633A-A5BB-47F8-A464-821D8525F7FD}.Debug|x64.Build.0 = Debug|Any CPU
		{210A633A-A5BB-47F8-A464-821D8525F7FD}.Debug|x86.ActiveCfg = Debug|Any CPU
		{210A633A-A5BB-47F8-A464-821D8525F7FD}.Debug|x86.Build.0 = Debug|Any CPU
		{210A633A-A5BB-47F8-A464-821D8525F7FD}.Release|Any CPU.ActiveCfg = Release|Any CPU
		{210A633A-A5BB-47F8-A464-821D8525F7FD}.Release|Any CPU.Build.0 = Release|Any CPU
		{210A633A-A5BB-47F8-A464-821D8525F7FD}.Release|x64.ActiveCfg = Release|Any CPU
		{210A633A-A5BB-47F8-A464-821D8525F7FD}.Release|x64.Build.0 = Release|Any CPU
		{210A633A-A5BB-47F8-A464-821D8525F7FD}.Release|x86.ActiveCfg = Release|Any CPU
		{210A633A-A5BB-47F8-A464-821D8525F7FD}.Release|x86.Build.0 = Release|Any CPU
	EndGlobalSection
	GlobalSection(SolutionProperties) = preSolution
		HideSolutionNode = FALSE
	EndGlobalSection
	GlobalSection(ExtensibilityGlobals) = postSolution
		SolutionGuid = {8178422A-A3D2-4B6E-A865-AC7875A42F4B}
	EndGlobalSection
EndGlobal
