<Solution>
  <Configurations>
    <Platform Name="x64" />
    <Platform Name="x86" />
  </Configurations>
  <Project Path="GeoSharPlusCPP/build/GeoSharPlusCPP.vcxproj" Id="7326f5f2-a705-31b4-9410-bcc78221a05d">
    <Platform Project="x64" />
  </Project>
  <Project Path="GeoSharPlusNET/GeoSharPlusNET.csproj" />
  <Project Path="igmGH/igmGH.csproj">
    <Build Solution="*|x86" Project="false" />
  </Project>
</Solution>
