
Microsoft Visual Studio Solution File, Format Version 12.00
# Visual Studio Version 18
VisualStudioVersion = 18.0.11201.2 d18.0
MinimumVisualStudioVersion = 10.0.40219.1
Project("{FAE04EC0-301F-11D3-BF4B-00C04F79EFBC}") = "igmGH", "igmGH\igmGH.csproj", "{210A633A-A5BB-47F8-A464-821D8525F7FD}"
EndProject
Project("{FAE04EC0-301F-11D3-BF4B-00C04F79EFBC}") = "GeoSharPlusNET", "GeoSharPlusNET\GeoSharPlusNET.csproj", "{3B28B1D8-B5C5-797E-E33D-B8C763F758CD}"
	ProjectSection(ProjectDependencies) = postProject
		{7326F5F2-A705-31B4-9410-BCC78221A05D} = {7326F5F2-A705-31B4-9410-BCC78221A05D}
	EndProjectSection
EndProject
Project("{8BC9CEB8-8B4A-11D0-8D11-00A0C91BC942}") = "GeoSharPlusCPP", "GeoSharPlusCPP\build\GeoSharPlusCPP.vcxproj", "{7326F5F2-A705-31B4-9410-BCC78221A05D}"
EndProject
Global
	GlobalSection(SolutionConfigurationPlatforms) = preSolution
		Debug|x64 = Debug|x64
		Debug|x86 = Debug|x86
		Release|x64 = Release|x64
		Release|x86 = Release|x86
	EndGlobalSection
	GlobalSection(ProjectConfigurationPlatforms) = postSolution
		{210A633A-A5BB-47F8-A464-821D8525F7FD}.Debug|x64.ActiveCfg = Debug|Any CPU
		{210A633A-A5BB-47F8-A464-821D8525F7FD}.Debug|x64.Build.0 = Debug|Any CPU
		{210A633A-A5BB-47F8-A464-821D8525F7FD}.Debug|x86.ActiveCfg = Debug|Any CPU
		{210A633A-A5BB-47F8-A464-821D8525F7FD}.Release|x64.ActiveCfg = Release|Any CPU
		{210A633A-A5BB-47F8-A464-821D8525F7FD}.Release|x64.Build.0 = Release|Any CPU
		{210A633A-A5BB-47F8-A464-821D8525F7FD}.Release|x86.ActiveCfg = Release|Any CPU
		{3B28B1D8-B5C5-797E-E33D-B8C763F758CD}.Debug|x64.ActiveCfg = Debug|Any CPU
		{3B28B1D8-B5C5-797E-E33D-B8C763F758CD}.Debug|x64.Build.0 = Debug|Any CPU
		{3B28B1D8-B5C5-797E-E33D-B8C763F758CD}.Debug|x86.ActiveCfg = Debug|Any CPU
		{3B28B1D8-B5C5-797E-E33D-B8C763F758CD}.Debug|x86.Build.0 = Debug|Any CPU
		{3B28B1D8-B5C5-797E-E33D-B8C763F758CD}.Release|x64.ActiveCfg = Release|Any CPU
		{3B28B1D8-B5C5-797E-E33D-B8C763F758CD}.Release|x64.Build.0 = Release|Any CPU
		{3B28B1D8-B5C5-797E-E33D-B8C763F758CD}.Release|x86.ActiveCfg = Release|Any CPU
		{3B28B1D8-B5C5-797E-E33D-B8C763F758CD}.Release|x86.Build.0 = Release|Any CPU
		{7326F5F2-A705-31B4-9410-BCC78221A05D}.Debug|x64.ActiveCfg = Debug|x64
		{7326F5F2-A705-31B4-9410-BCC78221A05D}.Debug|x64.Build.0 = Debug|x64
		{7326F5F2-A705-31B4-9410-BCC78221A05D}.Debug|x86.ActiveCfg = Debug|x64
		{7326F5F2-A705-31B4-9410-BCC78221A05D}.Debug|x86.Build.0 = Debug|x64
		{7326F5F2-A705-31B4-9410-BCC78221A05D}.Release|x64.ActiveCfg = Release|x64
		{7326F5F2-A705-31B4-9410-BCC78221A05D}.Release|x64.Build.0 = Release|x64
		{7326F5F2-A705-31B4-9410-BCC78221A05D}.Release|x86.ActiveCfg = Release|x64
		{7326F5F2-A705-31B4-9410-BCC78221A05D}.Release|x86.Build.0 = Release|x64
	EndGlobalSection
	GlobalSection(SolutionProperties) = preSolution
		HideSolutionNode = FALSE
	EndGlobalSection
	GlobalSection(ExtensibilityGlobals) = postSolution
		SolutionGuid = {8178422A-A3D2-4B6E-A865-AC7875A42F4B}
	EndGlobalSection
EndGlobal
